
Microsoft Visual Studio Solution File, Format Version 12.00
# Visual Studio Version 17
VisualStudioVersion = 17.5.33414.496
MinimumVisualStudioVersion = 10.0.40219.1
Project("{FAE04EC0-301F-11D3-BF4B-00C04F79EFBC}") = "BlogEngine.API", "BlogEngine.API\BlogEngine.API.csproj", "{AE1FD2B3-294F-4C2F-9400-3D886B393213}"
EndProject
Global
	GlobalSection(SolutionConfigurationPlatforms) = preSolution
		Debug|Any CPU = Debug|Any CPU
		Release|Any CPU = Release|Any CPU
	EndGlobalSection
	GlobalSection(ProjectConfigurationPlatforms) = postSolution
		{AE1FD2B3-294F-4C2F-9400-3D886B393213}.Debug|Any CPU.ActiveCfg = Debug|Any CPU
		{AE1FD2B3-294F-4C2F-9400-3D886B393213}.Debug|Any CPU.Build.0 = Debug|Any CPU
		{AE1FD2B3-294F-4C2F-9400-3D886B393213}.Release|Any CPU.ActiveCfg = Release|Any CPU
		{AE1FD2B3-294F-4C2F-9400-3D886B393213}.Release|Any CPU.Build.0 = Release|Any CPU
	EndGlobalSection
	GlobalSection(SolutionProperties) = preSolution
		HideSolutionNode = FALSE
	EndGlobalSection
	GlobalSection(ExtensibilityGlobals) = postSolution
		SolutionGuid = {F27E3BCB-8577-4D3A-8510-2935C993BD29}
	EndGlobalSection
EndGlobal
